
Microsoft Visual Studio Solution File, Format Version 12.00
# Visual Studio Version 16
VisualStudioVersion = 16.0.30225.117
MinimumVisualStudioVersion = 10.0.40219.1
Project("{F184B08F-C81C-45F6-A57F-5ABD9991F28F}") = "GUI", "EdgeUninstallerGUI\GUI.vbproj", "{FBAF830F-1211-4868-BD54-23BA9F65DA11}"
EndProject
Project("{F184B08F-C81C-45F6-A57F-5ABD9991F28F}") = "CommandLine", "EdgeUninstallerCMD\CommandLine.vbproj", "{DDF79657-AA2A-46BA-960A-A3D863013A90}"
EndProject
Global
	GlobalSection(SolutionConfigurationPlatforms) = preSolution
		Debug|Any CPU = Debug|Any CPU
		Release|Any CPU = Release|Any CPU
	EndGlobalSection
	GlobalSection(ProjectConfigurationPlatforms) = postSolution
		{FBAF830F-1211-4868-BD54-23BA9F65DA11}.Debug|Any CPU.ActiveCfg = Debug|Any CPU
		{FBAF830F-1211-4868-BD54-23BA9F65DA11}.Debug|Any CPU.Build.0 = Debug|Any CPU
		{FBAF830F-1211-4868-BD54-23BA9F65DA11}.Release|Any CPU.ActiveCfg = Release|Any CPU
		{FBAF830F-1211-4868-BD54-23BA9F65DA11}.Release|Any CPU.Build.0 = Release|Any CPU
		{DDF79657-AA2A-46BA-960A-A3D863013A90}.Debug|Any CPU.ActiveCfg = Debug|Any CPU
		{DDF79657-AA2A-46BA-960A-A3D863013A90}.Debug|Any CPU.Build.0 = Debug|Any CPU
		{DDF79657-AA2A-46BA-960A-A3D863013A90}.Release|Any CPU.ActiveCfg = Release|Any CPU
		{DDF79657-AA2A-46BA-960A-A3D863013A90}.Release|Any CPU.Build.0 = Release|Any CPU
	EndGlobalSection
	GlobalSection(SolutionProperties) = preSolution
		HideSolutionNode = FALSE
	EndGlobalSection
	GlobalSection(ExtensibilityGlobals) = postSolution
		SolutionGuid = {0EE45A75-D971-4160-BAF0-03B7B1E7018D}
	EndGlobalSection
EndGlobal
